
Microsoft Visual Studio Solution File, Format Version 12.00
# Visual Studio Version 17
VisualStudioVersion = 17.1.32210.238
MinimumVisualStudioVersion = 10.0.40219.1
Project("{9A19103F-16F7-4668-BE54-9A1E7A4F7556}") = "QL_BANHANGTT", "QL_BANHANGTT\QL_BANHANGTT.csproj", "{45465E1C-35D4-41AB-904E-CACD286544AC}"
EndProject
Project("{9A19103F-16F7-4668-BE54-9A1E7A4F7556}") = "QL_KhachHang", "QL_KhachHang\QL_KhachHang.csproj", "{383B0391-4FDB-4D0B-B6C2-C8C59AD5DFF4}"
EndProject
Global
	GlobalSection(SolutionConfigurationPlatforms) = preSolution
		Debug|Any CPU = Debug|Any CPU
		Release|Any CPU = Release|Any CPU
	EndGlobalSection
	GlobalSection(ProjectConfigurationPlatforms) = postSolution
		{45465E1C-35D4-41AB-904E-CACD286544AC}.Debug|Any CPU.ActiveCfg = Debug|Any CPU
		{45465E1C-35D4-41AB-904E-CACD286544AC}.Debug|Any CPU.Build.0 = Debug|Any CPU
		{45465E1C-35D4-41AB-904E-CACD286544AC}.Release|Any CPU.ActiveCfg = Release|Any CPU
		{45465E1C-35D4-41AB-904E-CACD286544AC}.Release|Any CPU.Build.0 = Release|Any CPU
		{383B0391-4FDB-4D0B-B6C2-C8C59AD5DFF4}.Debug|Any CPU.ActiveCfg = Debug|Any CPU
		{383B0391-4FDB-4D0B-B6C2-C8C59AD5DFF4}.Debug|Any CPU.Build.0 = Debug|Any CPU
		{383B0391-4FDB-4D0B-B6C2-C8C59AD5DFF4}.Release|Any CPU.ActiveCfg = Release|Any CPU
		{383B0391-4FDB-4D0B-B6C2-C8C59AD5DFF4}.Release|Any CPU.Build.0 = Release|Any CPU
	EndGlobalSection
	GlobalSection(SolutionProperties) = preSolution
		HideSolutionNode = FALSE
	EndGlobalSection
	GlobalSection(ExtensibilityGlobals) = postSolution
		SolutionGuid = {AFD7EB11-89EC-41E9-9306-5842F986ED93}
	EndGlobalSection
EndGlobal
